// !$*UTF8*$!
{
	archiveVersion = 1;
	classes = {
	};
	objectVersion = 77;
	objects = {

/* Begin PBXBuildFile section */
		D81E228A306D0E8F005DB680 /* UserNotifications.framework in Frameworks */ = {isa = PBXBuildFile; fileRef = D81E2289306D0E8E005DB680 /* UserNotifications.framework */; };
		D81E228C306D0E8F005DB680 /* UserNotificationsUI.framework in Frameworks */ = {isa = PBXBuildFile; fileRef = D81E228B306D0E8F005DB680 /* UserNotificationsUI.framework */; };
		D81E2296306D0E8F005DB680 /* PracticeTaskNotification.appex in Embed Foundation Extensions */ = {isa = PBXBuildFile; fileRef = D81E2288306D0E8E005DB680 /* PracticeTaskNotification.appex */; settings = {ATTRIBUTES = (RemoveHeadersOnCopy, ); }; };
		D85FC1463068F4CC00676999 /* WidgetKit.framework in Frameworks */ = {isa = PBXBuildFile; fileRef = D85FC1453068F4CC00676999 /* WidgetKit.framework */; };
		D85FC1483068F4CC00676999 /* SwiftUI.framework in Frameworks */ = {isa = PBXBuildFile; fileRef = D85FC1473068F4CC00676999 /* SwiftUI.framework */; };
		D85FC1533068F4CE00676999 /* LessonWidgetExtension.appex in Embed Foundation Extensions */ = {isa = PBXBuildFile; fileRef = D85FC1443068F4CC00676999 /* LessonWidgetExtension.appex */; settings = {ATTRIBUTES = (RemoveHeadersOnCopy, ); }; };
		D891823C306E218D004D4D86 /* Supabase in Frameworks */ = {isa = PBXBuildFile; productRef = D891823B306E218D004D4D86 /* Supabase */; };
		D8E2C953305297AB00E2D679 /* Lottie in Frameworks */ = {isa = PBXBuildFile; productRef = D8E2C952305297AB00E2D679 /* Lottie */; };
/* End PBXBuildFile section */

/* Begin PBXContainerItemProxy section */
		D81E2294306D0E8F005DB680 /* PBXContainerItemProxy */ = {
			isa = PBXContainerItemProxy;
			containerPortal = D85AF0EE3043BC810094EBB8 /* Project object */;
			proxyType = 1;
			remoteGlobalIDString = D81E2287306D0E8E005DB680;
			remoteInfo = PracticeTaskNotification;
		};
		D85FC1513068F4CE00676999 /* PBXContainerItemProxy */ = {
			isa = PBXContainerItemProxy;
			containerPortal = D85AF0EE3043BC810094EBB8 /* Project object */;
			proxyType = 1;
			remoteGlobalIDString = D85FC1433068F4CC00676999;
			remoteInfo = LessonWidgetExtension;
		};
		D869222A30566610009E6816 /* PBXContainerItemProxy */ = {
			isa = PBXContainerItemProxy;
			containerPortal = D85AF0EE3043BC810094EBB8 /* Project object */;
			proxyType = 1;
			remoteGlobalIDString = D85AF0F53043BC810094EBB8;
			remoteInfo = LessonManagmentApp;
		};
/* End PBXContainerItemProxy section */

/* Begin PBXCopyFilesBuildPhase section */
		D85FC1543068F4CE00676999 /* Embed Foundation Extensions */ = {
			isa = PBXCopyFilesBuildPhase;
			buildActionMask = 2147483647;
			dstPath = "";
			dstSubfolderSpec = 13;
			files = (
				D85FC1533068F4CE00676999 /* LessonWidgetExtension.appex in Embed Foundation Extensions */,
				D81E2296306D0E8F005DB680 /* PracticeTaskNotification.appex in Embed Foundation Extensions */,
			);
			name = "Embed Foundation Extensions";
			runOnlyForDeploymentPostprocessing = 0;
		};
/* End PBXCopyFilesBuildPhase section */

/* Begin PBXFileReference section */
		D81E2283306D0C42005DB680 /* LessonWidgetExtension.entitlements */ = {isa = PBXFileReference; lastKnownFileType = text.plist.entitlements; path = LessonWidgetExtension.entitlements; sourceTree = "<group>"; };
		D81E2288306D0E8E005DB680 /* PracticeTaskNotification.appex */ = {isa = PBXFileReference; explicitFileType = "wrapper.app-extension"; includeInIndex = 0; path = PracticeTaskNotification.appex; sourceTree = BUILT_PRODUCTS_DIR; };
		D81E2289306D0E8E005DB680 /* UserNotifications.framework */ = {isa = PBXFileReference; lastKnownFileType = wrapper.framework; name = UserNotifications.framework; path = System/Library/Frameworks/UserNotifications.framework; sourceTree = SDKROOT; };
		D81E228B306D0E8F005DB680 /* UserNotificationsUI.framework */ = {isa = PBXFileReference; lastKnownFileType = wrapper.framework; name = UserNotificationsUI.framework; path = System/Library/Frameworks/UserNotificationsUI.framework; sourceTree = SDKROOT; };
		D85AF0F63043BC810094EBB8 /* LessonManagmentApp.app */ = {isa = PBXFileReference; explicitFileType = wrapper.application; includeInIndex = 0; path = LessonManagmentApp.app; sourceTree = BUILT_PRODUCTS_DIR; };
		D85FC1443068F4CC00676999 /* LessonWidgetExtension.appex */ = {isa = PBXFileReference; explicitFileType = "wrapper.app-extension"; includeInIndex = 0; path = LessonWidgetExtension.appex; sourceTree = BUILT_PRODUCTS_DIR; };
		D85FC1453068F4CC00676999 /* WidgetKit.framework */ = {isa = PBXFileReference; lastKnownFileType = wrapper.framework; name = WidgetKit.framework; path = System/Library/Frameworks/WidgetKit.framework; sourceTree = SDKROOT; };
		D85FC1473068F4CC00676999 /* SwiftUI.framework */ = {isa = PBXFileReference; lastKnownFileType = wrapper.framework; name = SwiftUI.framework; path = System/Library/Frameworks/SwiftUI.framework; sourceTree = SDKROOT; };
		D86922263056660F009E6816 /* LessonManagmentAppTests.xctest */ = {isa = PBXFileReference; explicitFileType = wrapper.cfbundle; includeInIndex = 0; path = LessonManagmentAppTests.xctest; sourceTree = BUILT_PRODUCTS_DIR; };
		D8A5BCB6306CB73000E9D8CA /* LessonManagmentApp.xctestplan */ = {isa = PBXFileReference; lastKnownFileType = text; path = LessonManagmentApp.xctestplan; sourceTree = "<group>"; };
/* End PBXFileReference section */

/* Begin PBXFileSystemSynchronizedBuildFileExceptionSet section */
		D81E2297306D0E8F005DB680 /* Exceptions for "PracticeTaskNotification" folder in "PracticeTaskNotification" target */ = {
			isa = PBXFileSystemSynchronizedBuildFileExceptionSet;
			membershipExceptions = (
				Info.plist,
			);
			target = D81E2287306D0E8E005DB680 /* PracticeTaskNotification */;
		};
		D81E236B306D297D005DB680 /* Exceptions for "LessonManagmentApp" folder in "LessonWidgetExtension" target */ = {
			isa = PBXFileSystemSynchronizedBuildFileExceptionSet;
			membershipExceptions = (
				Shared/WidgetLessonData.swift,
			);
			target = D85FC1433068F4CC00676999 /* LessonWidgetExtension */;
		};
		D85FC1573068F4CE00676999 /* Exceptions for "LessonWidget" folder in "LessonWidgetExtension" target */ = {
			isa = PBXFileSystemSynchronizedBuildFileExceptionSet;
			membershipExceptions = (
				Info.plist,
			);
			target = D85FC1433068F4CC00676999 /* LessonWidgetExtension */;
		};
/* End PBXFileSystemSynchronizedBuildFileExceptionSet section */

/* Begin PBXFileSystemSynchronizedRootGroup section */
		D81E228D306D0E8F005DB680 /* PracticeTaskNotification */ = {
			isa = PBXFileSystemSynchronizedRootGroup;
			exceptions = (
				D81E2297306D0E8F005DB680 /* Exceptions for "PracticeTaskNotification" folder in "PracticeTaskNotification" target */,
			);
			path = PracticeTaskNotification;
			sourceTree = "<group>";
		};
		D85AF0F83043BC810094EBB8 /* LessonManagmentApp */ = {
			isa = PBXFileSystemSynchronizedRootGroup;
			exceptions = (
				D81E236B306D297D005DB680 /* Exceptions for "LessonManagmentApp" folder in "LessonWidgetExtension" target */,
			);
			path = LessonManagmentApp;
			sourceTree = "<group>";
		};
		D85FC1493068F4CC00676999 /* LessonWidget */ = {
			isa = PBXFileSystemSynchronizedRootGroup;
			exceptions = (
				D85FC1573068F4CE00676999 /* Exceptions for "LessonWidget" folder in "LessonWidgetExtension" target */,
			);
			path = LessonWidget;
			sourceTree = "<group>";
		};
		D869222730566610009E6816 /* LessonManagmentAppTests */ = {
			isa = PBXFileSystemSynchronizedRootGroup;
			path = LessonManagmentAppTests;
			sourceTree = "<group>";
		};
/* End PBXFileSystemSynchronizedRootGroup section */

/* Begin PBXFrameworksBuildPhase section */
		D81E2285306D0E8E005DB680 /* Frameworks */ = {
			isa = PBXFrameworksBuildPhase;
			buildActionMask = 2147483647;
			files = (
				D81E228C306D0E8F005DB680 /* UserNotificationsUI.framework in Frameworks */,
				D81E228A306D0E8F005DB680 /* UserNotifications.framework in Frameworks */,
			);
			runOnlyForDeploymentPostprocessing = 0;
		};
		D85AF0F33043BC810094EBB8 /* Frameworks */ = {
			isa = PBXFrameworksBuildPhase;
			buildActionMask = 2147483647;
			files = (
				D891823C306E218D004D4D86 /* Supabase in Frameworks */,
				D8E2C953305297AB00E2D679 /* Lottie in Frameworks */,
			);
			runOnlyForDeploymentPostprocessing = 0;
		};
		D85FC1413068F4CC00676999 /* Frameworks */ = {
			isa = PBXFrameworksBuildPhase;
			buildActionMask = 2147483647;
			files = (
				D85FC1483068F4CC00676999 /* SwiftUI.framework in Frameworks */,
				D85FC1463068F4CC00676999 /* WidgetKit.framework in Frameworks */,
			);
			runOnlyForDeploymentPostprocessing = 0;
		};
		D86922233056660F009E6816 /* Frameworks */ = {
			isa = PBXFrameworksBuildPhase;
			buildActionMask = 2147483647;
			files = (
			);
			runOnlyForDeploymentPostprocessing = 0;
		};
/* End PBXFrameworksBuildPhase section */

/* Begin PBXGroup section */
		D85AF0ED3043BC810094EBB8 = {
			isa = PBXGroup;
			children = (
				D81E2283306D0C42005DB680 /* LessonWidgetExtension.entitlements */,
				D8A5BCB6306CB73000E9D8CA /* LessonManagmentApp.xctestplan */,
				D85AF0F83043BC810094EBB8 /* LessonManagmentApp */,
				D869222730566610009E6816 /* LessonManagmentAppTests */,
				D85FC1493068F4CC00676999 /* LessonWidget */,
				D81E228D306D0E8F005DB680 /* PracticeTaskNotification */,
				D8E2C951305297AB00E2D679 /* Frameworks */,
				D85AF0F73043BC810094EBB8 /* Products */,
			);
			sourceTree = "<group>";
		};
		D85AF0F73043BC810094EBB8 /* Products */ = {
			isa = PBXGroup;
			children = (
				D85AF0F63043BC810094EBB8 /* LessonManagmentApp.app */,
				D86922263056660F009E6816 /* LessonManagmentAppTests.xctest */,
				D85FC1443068F4CC00676999 /* LessonWidgetExtension.appex */,
				D81E2288306D0E8E005DB680 /* PracticeTaskNotification.appex */,
			);
			name = Products;
			sourceTree = "<group>";
		};
		D8E2C951305297AB00E2D679 /* Frameworks */ = {
			isa = PBXGroup;
			children = (
				D85FC1453068F4CC00676999 /* WidgetKit.framework */,
				D85FC1473068F4CC00676999 /* SwiftUI.framework */,
				D81E2289306D0E8E005DB680 /* UserNotifications.framework */,
				D81E228B306D0E8F005DB680 /* UserNotificationsUI.framework */,
			);
			name = Frameworks;
			sourceTree = "<group>";
		};
/* End PBXGroup section */

/* Begin PBXNativeTarget section */
		D81E2287306D0E8E005DB680 /* PracticeTaskNotification */ = {
			isa = PBXNativeTarget;
			buildConfigurationList = D81E2298306D0E8F005DB680 /* Build configuration list for PBXNativeTarget "PracticeTaskNotification" */;
			buildPhases = (
				D81E2284306D0E8E005DB680 /* Sources */,
				D81E2285306D0E8E005DB680 /* Frameworks */,
				D81E2286306D0E8E005DB680 /* Resources */,
			);
			buildRules = (
			);
			dependencies = (
			);
			fileSystemSynchronizedGroups = (
				D81E228D306D0E8F005DB680 /* PracticeTaskNotification */,
			);
			name = PracticeTaskNotification;
			packageProductDependencies = (
			);
			productName = PracticeTaskNotification;
			productReference = D81E2288306D0E8E005DB680 /* PracticeTaskNotification.appex */;
			productType = "com.apple.product-type.app-extension";
		};
		D85AF0F53043BC810094EBB8 /* LessonManagmentApp */ = {
			isa = PBXNativeTarget;
			buildConfigurationList = D85AF1013043BC820094EBB8 /* Build configuration list for PBXNativeTarget "LessonManagmentApp" */;
			buildPhases = (
				D85AF0F23043BC810094EBB8 /* Sources */,
				D85AF0F33043BC810094EBB8 /* Frameworks */,
				D85AF0F43043BC810094EBB8 /* Resources */,
				D85FC1543068F4CE00676999 /* Embed Foundation Extensions */,
			);
			buildRules = (
			);
			dependencies = (
				D85FC1523068F4CE00676999 /* PBXTargetDependency */,
				D81E2295306D0E8F005DB680 /* PBXTargetDependency */,
			);
			fileSystemSynchronizedGroups = (
				D85AF0F83043BC810094EBB8 /* LessonManagmentApp */,
			);
			name = LessonManagmentApp;
			packageProductDependencies = (
				D8E2C952305297AB00E2D679 /* Lottie */,
				D891823B306E218D004D4D86 /* Supabase */,
			);
			productName = LessonManagmentApp;
			productReference = D85AF0F63043BC810094EBB8 /* LessonManagmentApp.app */;
			productType = "com.apple.product-type.application";
		};
		D85FC1433068F4CC00676999 /* LessonWidgetExtension */ = {
			isa = PBXNativeTarget;
			buildConfigurationList = D85FC1583068F4CE00676999 /* Build configuration list for PBXNativeTarget "LessonWidgetExtension" */;
			buildPhases = (
				D85FC1403068F4CC00676999 /* Sources */,
				D85FC1413068F4CC00676999 /* Frameworks */,
				D85FC1423068F4CC00676999 /* Resources */,
			);
			buildRules = (
			);
			dependencies = (
			);
			fileSystemSynchronizedGroups = (
				D85FC1493068F4CC00676999 /* LessonWidget */,
			);
			name = LessonWidgetExtension;
			packageProductDependencies = (
			);
			productName = LessonWidgetExtension;
			productReference = D85FC1443068F4CC00676999 /* LessonWidgetExtension.appex */;
			productType = "com.apple.product-type.app-extension";
		};
		D86922253056660F009E6816 /* LessonManagmentAppTests */ = {
			isa = PBXNativeTarget;
			buildConfigurationList = D869222C30566610009E6816 /* Build configuration list for PBXNativeTarget "LessonManagmentAppTests" */;
			buildPhases = (
				D86922223056660F009E6816 /* Sources */,
				D86922233056660F009E6816 /* Frameworks */,
				D86922243056660F009E6816 /* Resources */,
			);
			buildRules = (
			);
			dependencies = (
				D869222B30566610009E6816 /* PBXTargetDependency */,
			);
			fileSystemSynchronizedGroups = (
				D869222730566610009E6816 /* LessonManagmentAppTests */,
			);
			name = LessonManagmentAppTests;
			packageProductDependencies = (
			);
			productName = LessonManagmentAppTests;
			productReference = D86922263056660F009E6816 /* LessonManagmentAppTests.xctest */;
			productType = "com.apple.product-type.bundle.unit-test";
		};
/* End PBXNativeTarget section */

/* Begin PBXProject section */
		D85AF0EE3043BC810094EBB8 /* Project object */ = {
			isa = PBXProject;
			attributes = {
				BuildIndependentTargetsInParallel = 1;
				LastSwiftUpdateCheck = 2660;
				LastUpgradeCheck = 2660;
				TargetAttributes = {
					D81E2287306D0E8E005DB680 = {
						CreatedOnToolsVersion = 26.6;
					};
					D85AF0F53043BC810094EBB8 = {
						CreatedOnToolsVersion = 26.6;
					};
					D85FC1433068F4CC00676999 = {
						CreatedOnToolsVersion = 26.6;
					};
					D86922253056660F009E6816 = {
						CreatedOnToolsVersion = 26.6;
						TestTargetID = D85AF0F53043BC810094EBB8;
					};
				};
			};
			buildConfigurationList = D85AF0F13043BC810094EBB8 /* Build configuration list for PBXProject "LessonManagmentApp" */;
			developmentRegion = en;
			hasScannedForEncodings = 0;
			knownRegions = (
				en,
				Base,
			);
			mainGroup = D85AF0ED3043BC810094EBB8;
			minimizedProjectReferenceProxies = 1;
			packageReferences = (
				D84C2DA93052957B007D5C23 /* XCRemoteSwiftPackageReference "lottie-spm" */,
				D891823A306E218D004D4D86 /* XCRemoteSwiftPackageReference "supabase-swift" */,
			);
			preferredProjectObjectVersion = 77;
			productRefGroup = D85AF0F73043BC810094EBB8 /* Products */;
			projectDirPath = "";
			projectRoot = "";
			targets = (
				D85AF0F53043BC810094EBB8 /* LessonManagmentApp */,
				D86922253056660F009E6816 /* LessonManagmentAppTests */,
				D85FC1433068F4CC00676999 /* LessonWidgetExtension */,
				D81E2287306D0E8E005DB680 /* PracticeTaskNotification */,
			);
		};
/* End PBXProject section */

/* Begin PBXResourcesBuildPhase section */
		D81E2286306D0E8E005DB680 /* Resources */ = {
			isa = PBXResourcesBuildPhase;
			buildActionMask = 2147483647;
			files = (
			);
			runOnlyForDeploymentPostprocessing = 0;
		};
		D85AF0F43043BC810094EBB8 /* Resources */ = {
			isa = PBXResourcesBuildPhase;
			buildActionMask = 2147483647;
			files = (
			);
			runOnlyForDeploymentPostprocessing = 0;
		};
		D85FC1423068F4CC00676999 /* Resources */ = {
			isa = PBXResourcesBuildPhase;
			buildActionMask = 2147483647;
			files = (
			);
			runOnlyForDeploymentPostprocessing = 0;
		};
		D86922243056660F009E6816 /* Resources */ = {
			isa = PBXResourcesBuildPhase;
			buildActionMask = 2147483647;
			files = (
			);
			runOnlyForDeploymentPostprocessing = 0;
		};
/* End PBXResourcesBuildPhase section */

/* Begin PBXSourcesBuildPhase section */
		D81E2284306D0E8E005DB680 /* Sources */ = {
			isa = PBXSourcesBuildPhase;
			buildActionMask = 2147483647;
			files = (
			);
			runOnlyForDeploymentPostprocessing = 0;
		};
		D85AF0F23043BC810094EBB8 /* Sources */ = {
			isa = PBXSourcesBuildPhase;
			buildActionMask = 2147483647;
			files = (
			);
			runOnlyForDeploymentPostprocessing = 0;
		};
		D85FC1403068F4CC00676999 /* Sources */ = {
			isa = PBXSourcesBuildPhase;
			buildActionMask = 2147483647;
			files = (
			);
			runOnlyForDeploymentPostprocessing = 0;
		};
		D86922223056660F009E6816 /* Sources */ = {
			isa = PBXSourcesBuildPhase;
			buildActionMask = 2147483647;
			files = (
			);
			runOnlyForDeploymentPostprocessing = 0;
		};
/* End PBXSourcesBuildPhase section */

/* Begin PBXTargetDependency section */
		D81E2295306D0E8F005DB680 /* PBXTargetDependency */ = {
			isa = PBXTargetDependency;
			target = D81E2287306D0E8E005DB680 /* PracticeTaskNotification */;
			targetProxy = D81E2294306D0E8F005DB680 /* PBXContainerItemProxy */;
		};
		D85FC1523068F4CE00676999 /* PBXTargetDependency */ = {
			isa = PBXTargetDependency;
			target = D85FC1433068F4CC00676999 /* LessonWidgetExtension */;
			targetProxy = D85FC1513068F4CE00676999 /* PBXContainerItemProxy */;
		};
		D869222B30566610009E6816 /* PBXTargetDependency */ = {
			isa = PBXTargetDependency;
			target = D85AF0F53043BC810094EBB8 /* LessonManagmentApp */;
			targetProxy = D869222A30566610009E6816 /* PBXContainerItemProxy */;
		};
/* End PBXTargetDependency section */

/* Begin XCBuildConfiguration section */
		D81E2299306D0E8F005DB680 /* Debug */ = {
			isa = XCBuildConfiguration;
			buildSettings = {
				CODE_SIGN_STYLE = Automatic;
				CURRENT_PROJECT_VERSION = 1;
				DEVELOPMENT_TEAM = "";
				GENERATE_INFOPLIST_FILE = YES;
				INFOPLIST_FILE = PracticeTaskNotification/Info.plist;
				INFOPLIST_KEY_CFBundleDisplayName = PracticeTaskNotification;
				INFOPLIST_KEY_NSHumanReadableCopyright = "";
				LD_RUNPATH_SEARCH_PATHS = (
					"$(inherited)",
					"@executable_path/Frameworks",
					"@executable_path/../../Frameworks",
				);
				MARKETING_VERSION = 1.0;
				PRODUCT_BUNDLE_IDENTIFIER = com.edenfdo.LessonManagmentApp.PracticeTaskNotification;
				PRODUCT_NAME = "$(TARGET_NAME)";
				SKIP_INSTALL = YES;
				STRING_CATALOG_GENERATE_SYMBOLS = YES;
				SWIFT_APPROACHABLE_CONCURRENCY = YES;
				SWIFT_EMIT_LOC_STRINGS = YES;
				SWIFT_UPCOMING_FEATURE_MEMBER_IMPORT_VISIBILITY = YES;
				SWIFT_VERSION = 5.0;
				TARGETED_DEVICE_FAMILY = "1,2";
			};
			name = Debug;
		};
		D81E229A306D0E8F005DB680 /* Release */ = {
			isa = XCBuildConfiguration;
			buildSettings = {
				CODE_SIGN_STYLE = Automatic;
				CURRENT_PROJECT_VERSION = 1;
				DEVELOPMENT_TEAM = "";
				GENERATE_INFOPLIST_FILE = YES;
				INFOPLIST_FILE = PracticeTaskNotification/Info.plist;
				INFOPLIST_KEY_CFBundleDisplayName = PracticeTaskNotification;
				INFOPLIST_KEY_NSHumanReadableCopyright = "";
				LD_RUNPATH_SEARCH_PATHS = (
					"$(inherited)",
					"@executable_path/Frameworks",
					"@executable_path/../../Frameworks",
				);
				MARKETING_VERSION = 1.0;
				PRODUCT_BUNDLE_IDENTIFIER = com.edenfdo.LessonManagmentApp.PracticeTaskNotification;
				PRODUCT_NAME = "$(TARGET_NAME)";
				SKIP_INSTALL = YES;
				STRING_CATALOG_GENERATE_SYMBOLS = YES;
				SWIFT_APPROACHABLE_CONCURRENCY = YES;
				SWIFT_EMIT_LOC_STRINGS = YES;
				SWIFT_UPCOMING_FEATURE_MEMBER_IMPORT_VISIBILITY = YES;
				SWIFT_VERSION = 5.0;
				TARGETED_DEVICE_FAMILY = "1,2";
			};
			name = Release;
		};
		D85AF0FF3043BC820094EBB8 /* Debug */ = {
			isa = XCBuildConfiguration;
			buildSettings = {
				ALWAYS_SEARCH_USER_PATHS = NO;
				ASSETCATALOG_COMPILER_GENERATE_SWIFT_ASSET_SYMBOL_EXTENSIONS = YES;
				CLANG_ANALYZER_NONNULL = YES;
				CLANG_ANALYZER_NUMBER_OBJECT_CONVERSION = YES_AGGRESSIVE;
				CLANG_CXX_LANGUAGE_STANDARD = "gnu++20";
				CLANG_ENABLE_MODULES = YES;
				CLANG_ENABLE_OBJC_ARC = YES;
				CLANG_ENABLE_OBJC_WEAK = YES;
				CLANG_WARN_BLOCK_CAPTURE_AUTORELEASING = YES;
				CLANG_WARN_BOOL_CONVERSION = YES;
				CLANG_WARN_COMMA = YES;
				CLANG_WARN_CONSTANT_CONVERSION = YES;
				CLANG_WARN_DEPRECATED_OBJC_IMPLEMENTATIONS = YES;
				CLANG_WARN_DIRECT_OBJC_ISA_USAGE = YES_ERROR;
				CLANG_WARN_DOCUMENTATION_COMMENTS = YES;
				CLANG_WARN_EMPTY_BODY = YES;
				CLANG_WARN_ENUM_CONVERSION = YES;
				CLANG_WARN_INFINITE_RECURSION = YES;
				CLANG_WARN_INT_CONVERSION = YES;
				CLANG_WARN_NON_LITERAL_NULL_CONVERSION = YES;
				CLANG_WARN_OBJC_IMPLICIT_RETAIN_SELF = YES;
				CLANG_WARN_OBJC_LITERAL_CONVERSION = YES;
				CLANG_WARN_OBJC_ROOT_CLASS = YES_ERROR;
				CLANG_WARN_QUOTED_INCLUDE_IN_FRAMEWORK_HEADER = YES;
				CLANG_WARN_RANGE_LOOP_ANALYSIS = YES;
				CLANG_WARN_STRICT_PROTOTYPES = YES;
				CLANG_WARN_SUSPICIOUS_MOVE = YES;
				CLANG_WARN_UNGUARDED_AVAILABILITY = YES_AGGRESSIVE;
				CLANG_WARN_UNREACHABLE_CODE = YES;
				CLANG_WARN__DUPLICATE_METHOD_MATCH = YES;
				COPY_PHASE_STRIP = NO;
				DEBUG_INFORMATION_FORMAT = dwarf;
				ENABLE_STRICT_OBJC_MSGSEND = YES;
				ENABLE_TESTABILITY = YES;
				ENABLE_USER_SCRIPT_SANDBOXING = YES;
				GCC_C_LANGUAGE_STANDARD = gnu17;
				GCC_DYNAMIC_NO_PIC = NO;
				GCC_NO_COMMON_BLOCKS = YES;
				GCC_OPTIMIZATION_LEVEL = 0;
				GCC_PREPROCESSOR_DEFINITIONS = (
					"DEBUG=1",
					"$(inherited)",
				);
				GCC_WARN_64_TO_32_BIT_CONVERSION = YES;
				GCC_WARN_ABOUT_RETURN_TYPE = YES_ERROR;
				GCC_WARN_UNDECLARED_SELECTOR = YES;
				GCC_WARN_UNINITIALIZED_AUTOS = YES_AGGRESSIVE;
				GCC_WARN_UNUSED_FUNCTION = YES;
				GCC_WARN_UNUSED_VARIABLE = YES;
				IPHONEOS_DEPLOYMENT_TARGET = 26.5;
				LOCALIZATION_PREFERS_STRING_CATALOGS = YES;
				MTL_ENABLE_DEBUG_INFO = INCLUDE_SOURCE;
				MTL_FAST_MATH = YES;
				ONLY_ACTIVE_ARCH = YES;
				SDKROOT = iphoneos;
				SWIFT_ACTIVE_COMPILATION_CONDITIONS = "DEBUG $(inherited)";
				SWIFT_OPTIMIZATION_LEVEL = "-Onone";
			};
			name = Debug;
		};
		D85AF1003043BC820094EBB8 /* Release */ = {
			isa = XCBuildConfiguration;
			buildSettings = {
				ALWAYS_SEARCH_USER_PATHS = NO;
				ASSETCATALOG_COMPILER_GENERATE_SWIFT_ASSET_SYMBOL_EXTENSIONS = YES;
				CLANG_ANALYZER_NONNULL = YES;
				CLANG_ANALYZER_NUMBER_OBJECT_CONVERSION = YES_AGGRESSIVE;
				CLANG_CXX_LANGUAGE_STANDARD = "gnu++20";
				CLANG_ENABLE_MODULES = YES;
				CLANG_ENABLE_OBJC_ARC = YES;
				CLANG_ENABLE_OBJC_WEAK = YES;
				CLANG_WARN_BLOCK_CAPTURE_AUTORELEASING = YES;
				CLANG_WARN_BOOL_CONVERSION = YES;
				CLANG_WARN_COMMA = YES;
				CLANG_WARN_CONSTANT_CONVERSION = YES;
				CLANG_WARN_DEPRECATED_OBJC_IMPLEMENTATIONS = YES;
				CLANG_WARN_DIRECT_OBJC_ISA_USAGE = YES_ERROR;
				CLANG_WARN_DOCUMENTATION_COMMENTS = YES;
				CLANG_WARN_EMPTY_BODY = YES;
				CLANG_WARN_ENUM_CONVERSION = YES;
				CLANG_WARN_INFINITE_RECURSION = YES;
				CLANG_WARN_INT_CONVERSION = YES;
				CLANG_WARN_NON_LITERAL_NULL_CONVERSION = YES;
				CLANG_WARN_OBJC_IMPLICIT_RETAIN_SELF = YES;
				CLANG_WARN_OBJC_LITERAL_CONVERSION = YES;
				CLANG_WARN_OBJC_ROOT_CLASS = YES_ERROR;
				CLANG_WARN_QUOTED_INCLUDE_IN_FRAMEWORK_HEADER = YES;
				CLANG_WARN_RANGE_LOOP_ANALYSIS = YES;
				CLANG_WARN_STRICT_PROTOTYPES = YES;
				CLANG_WARN_SUSPICIOUS_MOVE = YES;
				CLANG_WARN_UNGUARDED_AVAILABILITY = YES_AGGRESSIVE;
				CLANG_WARN_UNREACHABLE_CODE = YES;
				CLANG_WARN__DUPLICATE_METHOD_MATCH = YES;
				COPY_PHASE_STRIP = NO;
				DEBUG_INFORMATION_FORMAT = "dwarf-with-dsym";
				ENABLE_NS_ASSERTIONS = NO;
				ENABLE_STRICT_OBJC_MSGSEND = YES;
				ENABLE_USER_SCRIPT_SANDBOXING = YES;
				GCC_C_LANGUAGE_STANDARD = gnu17;
				GCC_NO_COMMON_BLOCKS = YES;
				GCC_WARN_64_TO_32_BIT_CONVERSION = YES;
				GCC_WARN_ABOUT_RETURN_TYPE = YES_ERROR;
				GCC_WARN_UNDECLARED_SELECTOR = YES;
				GCC_WARN_UNINITIALIZED_AUTOS = YES_AGGRESSIVE;
				GCC_WARN_UNUSED_FUNCTION = YES;
				GCC_WARN_UNUSED_VARIABLE = YES;
				IPHONEOS_DEPLOYMENT_TARGET = 26.5;
				LOCALIZATION_PREFERS_STRING_CATALOGS = YES;
				MTL_ENABLE_DEBUG_INFO = NO;
				MTL_FAST_MATH = YES;
				SDKROOT = iphoneos;
				SWIFT_COMPILATION_MODE = wholemodule;
				VALIDATE_PRODUCT = YES;
			};
			name = Release;
		};
		D85AF1023043BC820094EBB8 /* Debug */ = {
			isa = XCBuildConfiguration;
			buildSettings = {
				ASSETCATALOG_COMPILER_APPICON_NAME = AppIcon;
				ASSETCATALOG_COMPILER_GLOBAL_ACCENT_COLOR_NAME = AccentColor;
				CODE_SIGN_ENTITLEMENTS = LessonManagmentApp/LessonManagmentApp.entitlements;
				CODE_SIGN_STYLE = Automatic;
				CURRENT_PROJECT_VERSION = 1;
				DEVELOPMENT_TEAM = 3Z965975K2;
				ENABLE_PREVIEWS = YES;
				GENERATE_INFOPLIST_FILE = YES;
				INFOPLIST_KEY_CFBundleDisplayName = Ensemble;
				INFOPLIST_KEY_UIApplicationSceneManifest_Generation = YES;
				INFOPLIST_KEY_UIApplicationSupportsIndirectInputEvents = YES;
				INFOPLIST_KEY_UILaunchScreen_Generation = YES;
				INFOPLIST_KEY_UISupportedInterfaceOrientations_iPad = "UIInterfaceOrientationPortrait UIInterfaceOrientationPortraitUpsideDown UIInterfaceOrientationLandscapeLeft UIInterfaceOrientationLandscapeRight";
				INFOPLIST_KEY_UISupportedInterfaceOrientations_iPhone = "UIInterfaceOrientationPortrait UIInterfaceOrientationLandscapeLeft UIInterfaceOrientationLandscapeRight";
				LD_RUNPATH_SEARCH_PATHS = (
					"$(inherited)",
					"@executable_path/Frameworks",
				);
				MARKETING_VERSION = 1.0;
				PRODUCT_BUNDLE_IDENTIFIER = com.edenfdo.LessonManagmentApp;
				PRODUCT_NAME = "$(TARGET_NAME)";
				STRING_CATALOG_GENERATE_SYMBOLS = YES;
				SWIFT_APPROACHABLE_CONCURRENCY = YES;
				SWIFT_DEFAULT_ACTOR_ISOLATION = MainActor;
				SWIFT_EMIT_LOC_STRINGS = YES;
				SWIFT_UPCOMING_FEATURE_MEMBER_IMPORT_VISIBILITY = YES;
				SWIFT_VERSION = 5.0;
				TARGETED_DEVICE_FAMILY = "1,2";
			};
			name = Debug;
		};
		D85AF1033043BC820094EBB8 /* Release */ = {
			isa = XCBuildConfiguration;
			buildSettings = {
				ASSETCATALOG_COMPILER_APPICON_NAME = AppIcon;
				ASSETCATALOG_COMPILER_GLOBAL_ACCENT_COLOR_NAME = AccentColor;
				CODE_SIGN_ENTITLEMENTS = LessonManagmentApp/LessonManagmentApp.entitlements;
				CODE_SIGN_STYLE = Automatic;
				CURRENT_PROJECT_VERSION = 1;
				DEVELOPMENT_TEAM = 3Z965975K2;
				ENABLE_PREVIEWS = YES;
				GENERATE_INFOPLIST_FILE = YES;
				INFOPLIST_KEY_CFBundleDisplayName = Ensemble;
				INFOPLIST_KEY_UIApplicationSceneManifest_Generation = YES;
				INFOPLIST_KEY_UIApplicationSupportsIndirectInputEvents = YES;
				INFOPLIST_KEY_UILaunchScreen_Generation = YES;
				INFOPLIST_KEY_UISupportedInterfaceOrientations_iPad = "UIInterfaceOrientationPortrait UIInterfaceOrientationPortraitUpsideDown UIInterfaceOrientationLandscapeLeft UIInterfaceOrientationLandscapeRight";
				INFOPLIST_KEY_UISupportedInterfaceOrientations_iPhone = "UIInterfaceOrientationPortrait UIInterfaceOrientationLandscapeLeft UIInterfaceOrientationLandscapeRight";
				LD_RUNPATH_SEARCH_PATHS = (
					"$(inherited)",
					"@executable_path/Frameworks",
				);
				MARKETING_VERSION = 1.0;
				PRODUCT_BUNDLE_IDENTIFIER = com.edenfdo.LessonManagmentApp;
				PRODUCT_NAME = "$(TARGET_NAME)";
				STRING_CATALOG_GENERATE_SYMBOLS = YES;
				SWIFT_APPROACHABLE_CONCURRENCY = YES;
				SWIFT_DEFAULT_ACTOR_ISOLATION = MainActor;
				SWIFT_EMIT_LOC_STRINGS = YES;
				SWIFT_UPCOMING_FEATURE_MEMBER_IMPORT_VISIBILITY = YES;
				SWIFT_VERSION = 5.0;
				TARGETED_DEVICE_FAMILY = "1,2";
			};
			name = Release;
		};
		D85FC1553068F4CE00676999 /* Debug */ = {
			isa = XCBuildConfiguration;
			buildSettings = {
				ASSETCATALOG_COMPILER_GLOBAL_ACCENT_COLOR_NAME = AccentColor;
				ASSETCATALOG_COMPILER_WIDGET_BACKGROUND_COLOR_NAME = WidgetBackground;
				CODE_SIGN_ENTITLEMENTS = LessonWidgetExtension.entitlements;
				CODE_SIGN_STYLE = Automatic;
				CURRENT_PROJECT_VERSION = 1;
				DEVELOPMENT_TEAM = 3Z965975K2;
				GENERATE_INFOPLIST_FILE = YES;
				INFOPLIST_FILE = LessonWidget/Info.plist;
				INFOPLIST_KEY_CFBundleDisplayName = LessonWidget;
				INFOPLIST_KEY_NSHumanReadableCopyright = "";
				LD_RUNPATH_SEARCH_PATHS = (
					"$(inherited)",
					"@executable_path/Frameworks",
					"@executable_path/../../Frameworks",
				);
				MARKETING_VERSION = 1.0;
				PRODUCT_BUNDLE_IDENTIFIER = com.edenfdo.LessonManagmentApp.LessonWidget;
				PRODUCT_NAME = "$(TARGET_NAME)";
				SKIP_INSTALL = YES;
				STRING_CATALOG_GENERATE_SYMBOLS = YES;
				SWIFT_APPROACHABLE_CONCURRENCY = YES;
				SWIFT_EMIT_LOC_STRINGS = YES;
				SWIFT_UPCOMING_FEATURE_MEMBER_IMPORT_VISIBILITY = YES;
				SWIFT_VERSION = 5.0;
				TARGETED_DEVICE_FAMILY = "1,2";
			};
			name = Debug;
		};
		D85FC1563068F4CE00676999 /* Release */ = {
			isa = XCBuildConfiguration;
			buildSettings = {
				ASSETCATALOG_COMPILER_GLOBAL_ACCENT_COLOR_NAME = AccentColor;
				ASSETCATALOG_COMPILER_WIDGET_BACKGROUND_COLOR_NAME = WidgetBackground;
				CODE_SIGN_ENTITLEMENTS = LessonWidgetExtension.entitlements;
				CODE_SIGN_STYLE = Automatic;
				CURRENT_PROJECT_VERSION = 1;
				DEVELOPMENT_TEAM = 3Z965975K2;
				GENERATE_INFOPLIST_FILE = YES;
				INFOPLIST_FILE = LessonWidget/Info.plist;
				INFOPLIST_KEY_CFBundleDisplayName = LessonWidget;
				INFOPLIST_KEY_NSHumanReadableCopyright = "";
				LD_RUNPATH_SEARCH_PATHS = (
					"$(inherited)",
					"@executable_path/Frameworks",
					"@executable_path/../../Frameworks",
				);
				MARKETING_VERSION = 1.0;
				PRODUCT_BUNDLE_IDENTIFIER = com.edenfdo.LessonManagmentApp.LessonWidget;
				PRODUCT_NAME = "$(TARGET_NAME)";
				SKIP_INSTALL = YES;
				STRING_CATALOG_GENERATE_SYMBOLS = YES;
				SWIFT_APPROACHABLE_CONCURRENCY = YES;
				SWIFT_EMIT_LOC_STRINGS = YES;
				SWIFT_UPCOMING_FEATURE_MEMBER_IMPORT_VISIBILITY = YES;
				SWIFT_VERSION = 5.0;
				TARGETED_DEVICE_FAMILY = "1,2";
			};
			name = Release;
		};
		D869222D30566610009E6816 /* Debug */ = {
			isa = XCBuildConfiguration;
			buildSettings = {
				BUNDLE_LOADER = "$(TEST_HOST)";
				CODE_SIGN_STYLE = Automatic;
				CURRENT_PROJECT_VERSION = 1;
				GENERATE_INFOPLIST_FILE = YES;
				MARKETING_VERSION = 1.0;
				PRODUCT_BUNDLE_IDENTIFIER = com.edenfdo.LessonManagmentAppTests;
				PRODUCT_NAME = "$(TARGET_NAME)";
				STRING_CATALOG_GENERATE_SYMBOLS = NO;
				SWIFT_APPROACHABLE_CONCURRENCY = YES;
				SWIFT_EMIT_LOC_STRINGS = NO;
				SWIFT_UPCOMING_FEATURE_MEMBER_IMPORT_VISIBILITY = YES;
				SWIFT_VERSION = 5.0;
				TARGETED_DEVICE_FAMILY = "1,2";
				TEST_HOST = "$(BUILT_PRODUCTS_DIR)/LessonManagmentApp.app/$(BUNDLE_EXECUTABLE_FOLDER_PATH)/LessonManagmentApp";
			};
			name = Debug;
		};
		D869222E30566610009E6816 /* Release */ = {
			isa = XCBuildConfiguration;
			buildSettings = {
				BUNDLE_LOADER = "$(TEST_HOST)";
				CODE_SIGN_STYLE = Automatic;
				CURRENT_PROJECT_VERSION = 1;
				GENERATE_INFOPLIST_FILE = YES;
				MARKETING_VERSION = 1.0;
				PRODUCT_BUNDLE_IDENTIFIER = com.edenfdo.LessonManagmentAppTests;
				PRODUCT_NAME = "$(TARGET_NAME)";
				STRING_CATALOG_GENERATE_SYMBOLS = NO;
				SWIFT_APPROACHABLE_CONCURRENCY = YES;
				SWIFT_EMIT_LOC_STRINGS = NO;
				SWIFT_UPCOMING_FEATURE_MEMBER_IMPORT_VISIBILITY = YES;
				SWIFT_VERSION = 5.0;
				TARGETED_DEVICE_FAMILY = "1,2";
				TEST_HOST = "$(BUILT_PRODUCTS_DIR)/LessonManagmentApp.app/$(BUNDLE_EXECUTABLE_FOLDER_PATH)/LessonManagmentApp";
			};
			name = Release;
		};
/* End XCBuildConfiguration section */

/* Begin XCConfigurationList section */
		D81E2298306D0E8F005DB680 /* Build configuration list for PBXNativeTarget "PracticeTaskNotification" */ = {
			isa = XCConfigurationList;
			buildConfigurations = (
				D81E2299306D0E8F005DB680 /* Debug */,
				D81E229A306D0E8F005DB680 /* Release */,
			);
			defaultConfigurationIsVisible = 0;
			defaultConfigurationName = Release;
		};
		D85AF0F13043BC810094EBB8 /* Build configuration list for PBXProject "LessonManagmentApp" */ = {
			isa = XCConfigurationList;
			buildConfigurations = (
				D85AF0FF3043BC820094EBB8 /* Debug */,
				D85AF1003043BC820094EBB8 /* Release */,
			);
			defaultConfigurationIsVisible = 0;
			defaultConfigurationName = Release;
		};
		D85AF1013043BC820094EBB8 /* Build configuration list for PBXNativeTarget "LessonManagmentApp" */ = {
			isa = XCConfigurationList;
			buildConfigurations = (
				D85AF1023043BC820094EBB8 /* Debug */,
				D85AF1033043BC820094EBB8 /* Release */,
			);
			defaultConfigurationIsVisible = 0;
			defaultConfigurationName = Release;
		};
		D85FC1583068F4CE00676999 /* Build configuration list for PBXNativeTarget "LessonWidgetExtension" */ = {
			isa = XCConfigurationList;
			buildConfigurations = (
				D85FC1553068F4CE00676999 /* Debug */,
				D85FC1563068F4CE00676999 /* Release */,
			);
			defaultConfigurationIsVisible = 0;
			defaultConfigurationName = Release;
		};
		D869222C30566610009E6816 /* Build configuration list for PBXNativeTarget "LessonManagmentAppTests" */ = {
			isa = XCConfigurationList;
			buildConfigurations = (
				D869222D30566610009E6816 /* Debug */,
				D869222E30566610009E6816 /* Release */,
			);
			defaultConfigurationIsVisible = 0;
			defaultConfigurationName = Release;
		};
/* End XCConfigurationList section */

/* Begin XCRemoteSwiftPackageReference section */
		D84C2DA93052957B007D5C23 /* XCRemoteSwiftPackageReference "lottie-spm" */ = {
			isa = XCRemoteSwiftPackageReference;
			repositoryURL = "https://github.com/airbnb/lottie-spm.git";
			requirement = {
				kind = upToNextMajorVersion;
				minimumVersion = 4.6.1;
			};
		};
		D891823A306E218D004D4D86 /* XCRemoteSwiftPackageReference "supabase-swift" */ = {
			isa = XCRemoteSwiftPackageReference;
			repositoryURL = "https://github.com/supabase/supabase-swift";
			requirement = {
				kind = upToNextMajorVersion;
				minimumVersion = 2.5.1;
			};
		};
/* End XCRemoteSwiftPackageReference section */

/* Begin XCSwiftPackageProductDependency section */
		D891823B306E218D004D4D86 /* Supabase */ = {
			isa = XCSwiftPackageProductDependency;
			package = D891823A306E218D004D4D86 /* XCRemoteSwiftPackageReference "supabase-swift" */;
			productName = Supabase;
		};
		D8E2C952305297AB00E2D679 /* Lottie */ = {
			isa = XCSwiftPackageProductDependency;
			package = D84C2DA93052957B007D5C23 /* XCRemoteSwiftPackageReference "lottie-spm" */;
			productName = Lottie;
		};
/* End XCSwiftPackageProductDependency section */
	};
	rootObject = D85AF0EE3043BC810094EBB8 /* Project object */;
}
